Microsoft Visual Studio Solution File, Format Version 12.00
# Visual Studio Version 17
VisualStudioVersion = 17.5.2.0
MinimumVisualStudioVersion = 10.0.40219.1
Project("{FAE04EC0-301F-11D3-BF4B-00C04F79EFBC}") = "StargateAPI", "StargateAPI\StargateAPI.csproj", "{FD5E72A5-74A8-4CC3-9169-7386E96764F9}"
EndProject
Project("{FAE04EC0-301F-11D3-BF4B-00C04F79EFBC}") = "StargateTests", "StargateTests\StargateTests.csproj", "{98564F2B-8620-4225-8899-923C9370DFB2}"
EndProject
Global
	GlobalSection(SolutionConfigurationPlatforms) = preSolution
		Debug|Any CPU = Debug|Any CPU
		Release|Any CPU = Release|Any CPU
	EndGlobalSection
	GlobalSection(ProjectConfigurationPlatforms) = postSolution
		{FD5E72A5-74A8-4CC3-9169-7386E96764F9}.Debug|Any CPU.ActiveCfg = Debug|Any CPU
		{FD5E72A5-74A8-4CC3-9169-7386E96764F9}.Debug|Any CPU.Build.0 = Debug|Any CPU
		{FD5E72A5-74A8-4CC3-9169-7386E96764F9}.Release|Any CPU.ActiveCfg = Release|Any CPU
		{FD5E72A5-74A8-4CC3-9169-7386E96764F9}.Release|Any CPU.Build.0 = Release|Any CPU
		{98564F2B-8620-4225-8899-923C9370DFB2}.Debug|Any CPU.ActiveCfg = Debug|Any CPU
		{98564F2B-8620-4225-8899-923C9370DFB2}.Debug|Any CPU.Build.0 = Debug|Any CPU
		{98564F2B-8620-4225-8899-923C9370DFB2}.Release|Any CPU.ActiveCfg = Release|Any CPU
		{98564F2B-8620-4225-8899-923C9370DFB2}.Release|Any CPU.Build.0 = Release|Any CPU
	EndGlobalSection
	GlobalSection(SolutionProperties) = preSolution
		HideSolutionNode = FALSE
	EndGlobalSection
	GlobalSection(ExtensibilityGlobals) = postSolution
		SolutionGuid = {AFD69551-FC2E-4718-A134-DB3B9BDC73CC}
	EndGlobalSection
EndGlobal
